
Microsoft Visual Studio Solution File, Format Version 11.00
# Visual Studio 2010
Project("{FAE04EC0-301F-11D3-BF4B-00C04F79EFBC}") = "Capstone2", "Assembly-CSharp-firstpass.csproj", "{1A714800-586F-C490-AB56-C5C1C864D994}"
EndProject
Project("{FAE04EC0-301F-11D3-BF4B-00C04F79EFBC}") = "Capstone2", "Assembly-CSharp.csproj", "{23735241-E26A-C4F8-AEF4-3129C72856A4}"
EndProject
Project("{FAE04EC0-301F-11D3-BF4B-00C04F79EFBC}") = "Capstone2", "Assembly-CSharp-Editor.csproj", "{C5FE985C-9F5E-497A-4623-717295B10A0A}"
EndProject
Global
	GlobalSection(SolutionConfigurationPlatforms) = preSolution
		Debug|Any CPU = Debug|Any CPU
		Release|Any CPU = Release|Any CPU
	EndGlobalSection
	GlobalSection(ProjectConfigurationPlatforms) = postSolution
		{1A714800-586F-C490-AB56-C5C1C864D994}.Debug|Any CPU.ActiveCfg = Debug|Any CPU
		{1A714800-586F-C490-AB56-C5C1C864D994}.Debug|Any CPU.Build.0 = Debug|Any CPU
		{1A714800-586F-C490-AB56-C5C1C864D994}.Release|Any CPU.ActiveCfg = Release|Any CPU
		{1A714800-586F-C490-AB56-C5C1C864D994}.Release|Any CPU.Build.0 = Release|Any CPU
		{23735241-E26A-C4F8-AEF4-3129C72856A4}.Debug|Any CPU.ActiveCfg = Debug|Any CPU
		{23735241-E26A-C4F8-AEF4-3129C72856A4}.Debug|Any CPU.Build.0 = Debug|Any CPU
		{23735241-E26A-C4F8-AEF4-3129C72856A4}.Release|Any CPU.ActiveCfg = Release|Any CPU
		{23735241-E26A-C4F8-AEF4-3129C72856A4}.Release|Any CPU.Build.0 = Release|Any CPU
		{C5FE985C-9F5E-497A-4623-717295B10A0A}.Debug|Any CPU.ActiveCfg = Debug|Any CPU
		{C5FE985C-9F5E-497A-4623-717295B10A0A}.Debug|Any CPU.Build.0 = Debug|Any CPU
		{C5FE985C-9F5E-497A-4623-717295B10A0A}.Release|Any CPU.ActiveCfg = Release|Any CPU
		{C5FE985C-9F5E-497A-4623-717295B10A0A}.Release|Any CPU.Build.0 = Release|Any CPU
	EndGlobalSection
	GlobalSection(SolutionProperties) = preSolution
		HideSolutionNode = FALSE
	EndGlobalSection
	GlobalSection(MonoDevelopProperties) = preSolution
		StartupItem = Assembly-CSharp.csproj
	EndGlobalSection
EndGlobal
