Microsoft Visual Studio Solution File, Format Version 11.00
# Visual Studio 2008

Project("{EE861740-76BE-9ABC-E361-B36414015177}") = "Unity Project - 360 video", "Assembly-CSharp.csproj", "{8FC1E1B8-CAF7-6F0D-C029-98B249AD090A}"
EndProject
Project("{EE861740-76BE-9ABC-E361-B36414015177}") = "Unity Project - 360 video", "Assembly-CSharp-Editor.csproj", "{748F629E-2026-31BC-4C60-CD1288CB86D3}"
EndProject
Global
	GlobalSection(SolutionConfigurationPlatforms) = preSolution
		Debug|Any CPU = Debug|Any CPU
		Release|Any CPU = Release|Any CPU
	EndGlobalSection
	GlobalSection(ProjectConfigurationPlatforms) = postSolution
		{8FC1E1B8-CAF7-6F0D-C029-98B249AD090A}.Debug|Any CPU.ActiveCfg = Debug|Any CPU
		{8FC1E1B8-CAF7-6F0D-C029-98B249AD090A}.Debug|Any CPU.Build.0 = Debug|Any CPU
		{8FC1E1B8-CAF7-6F0D-C029-98B249AD090A}.Release|Any CPU.ActiveCfg = Release|Any CPU
		{8FC1E1B8-CAF7-6F0D-C029-98B249AD090A}.Release|Any CPU.Build.0 = Release|Any CPU
		{748F629E-2026-31BC-4C60-CD1288CB86D3}.Debug|Any CPU.ActiveCfg = Debug|Any CPU
		{748F629E-2026-31BC-4C60-CD1288CB86D3}.Debug|Any CPU.Build.0 = Debug|Any CPU
		{748F629E-2026-31BC-4C60-CD1288CB86D3}.Release|Any CPU.ActiveCfg = Release|Any CPU
		{748F629E-2026-31BC-4C60-CD1288CB86D3}.Release|Any CPU.Build.0 = Release|Any CPU
	EndGlobalSection
	GlobalSection(SolutionProperties) = preSolution
		HideSolutionNode = FALSE
	EndGlobalSection
	GlobalSection(MonoDevelopProperties) = preSolution
		StartupItem = Assembly-CSharp.csproj
	EndGlobalSection
EndGlobal
